// !$*UTF8*$!
{
	archiveVersion = 1;
	classes = {
	};
	objectVersion = 46;
	objects = {

/* Begin PBXBuildFile section */
		BA7E2F5B180C1F43005782D3 /* Foundation.framework in Frameworks */ = {isa = PBXBuildFile; fileRef = BA7E2F5A180C1F43005782D3 /* Foundation.framework */; };
		BA7E2F70180C1F90005782D3 /* ChimeraParser.m in Sources */ = {isa = PBXBuildFile; fileRef = BA7E2F69180C1F90005782D3 /* ChimeraParser.m */; };
		BA7E2F71180C1F90005782D3 /* CPElementInfo.m in Sources */ = {isa = PBXBuildFile; fileRef = BA7E2F6B180C1F90005782D3 /* CPElementInfo.m */; };
		BA7E2F72180C1F90005782D3 /* CPPropertyInfo.m in Sources */ = {isa = PBXBuildFile; fileRef = BA7E2F6D180C1F90005782D3 /* CPPropertyInfo.m */; };
		BA7E2F73180C1F90005782D3 /* CPXmlEntity.m in Sources */ = {isa = PBXBuildFile; fileRef = BA7E2F6F180C1F90005782D3 /* CPXmlEntity.m */; };
		BA7E2F76180C1FBF005782D3 /* ChimeraParser.h in CopyFiles */ = {isa = PBXBuildFile; fileRef = BA7E2F68180C1F90005782D3 /* ChimeraParser.h */; };
		BA7E2F77180C1FBF005782D3 /* CPElementInfo.h in CopyFiles */ = {isa = PBXBuildFile; fileRef = BA7E2F6A180C1F90005782D3 /* CPElementInfo.h */; };
		BA7E2F78180C1FBF005782D3 /* CPPropertyInfo.h in CopyFiles */ = {isa = PBXBuildFile; fileRef = BA7E2F6C180C1F90005782D3 /* CPPropertyInfo.h */; };
		BA7E2F79180C1FBF005782D3 /* CPXmlEntity.h in CopyFiles */ = {isa = PBXBuildFile; fileRef = BA7E2F6E180C1F90005782D3 /* CPXmlEntity.h */; };
		BADF8EEF182775D800551BC6 /* CPPropertyCache.m in Sources */ = {isa = PBXBuildFile; fileRef = BADF8EEE182775D800551BC6 /* CPPropertyCache.m */; };
/* End PBXBuildFile section */

/* Begin PBXCopyFilesBuildPhase section */
		BA7E2F55180C1F43005782D3 /* CopyFiles */ = {
			isa = PBXCopyFilesBuildPhase;
			buildActionMask = 2147483647;
			dstPath = "include/${PRODUCT_NAME}";
			dstSubfolderSpec = 16;
			files = (
				BA7E2F76180C1FBF005782D3 /* ChimeraParser.h in CopyFiles */,
				BA7E2F77180C1FBF005782D3 /* CPElementInfo.h in CopyFiles */,
				BA7E2F78180C1FBF005782D3 /* CPPropertyInfo.h in CopyFiles */,
				BA7E2F79180C1FBF005782D3 /* CPXmlEntity.h in CopyFiles */,
			);
			runOnlyForDeploymentPostprocessing = 0;
		};
/* End PBXCopyFilesBuildPhase section */

/* Begin PBXFileReference section */
		BA7E2F57180C1F43005782D3 /* libChimeraXML.a */ = {isa = PBXFileReference; explicitFileType = archive.ar; includeInIndex = 0; path = libChimeraXML.a; sourceTree = BUILT_PRODUCTS_DIR; };
		BA7E2F5A180C1F43005782D3 /* Foundation.framework */ = {isa = PBXFileReference; lastKnownFileType = wrapper.framework; name = Foundation.framework; path = System/Library/Frameworks/Foundation.framework; sourceTree = SDKROOT; };
		BA7E2F5E180C1F43005782D3 /* ChimeraXML-Prefix.pch */ = {isa = PBXFileReference; lastKnownFileType = sourcecode.c.h; path = "ChimeraXML-Prefix.pch"; sourceTree = "<group>"; };
		BA7E2F68180C1F90005782D3 /* ChimeraParser.h */ = {isa = PBXFileReference; fileEncoding = 4; lastKnownFileType = sourcecode.c.h; path = ChimeraParser.h; sourceTree = "<group>"; };
		BA7E2F69180C1F90005782D3 /* ChimeraParser.m */ = {isa = PBXFileReference; fileEncoding = 4; lastKnownFileType = sourcecode.c.objc; path = ChimeraParser.m; sourceTree = "<group>"; };
		BA7E2F6A180C1F90005782D3 /* CPElementInfo.h */ = {isa = PBXFileReference; fileEncoding = 4; lastKnownFileType = sourcecode.c.h; path = CPElementInfo.h; sourceTree = "<group>"; };
		BA7E2F6B180C1F90005782D3 /* CPElementInfo.m */ = {isa = PBXFileReference; fileEncoding = 4; lastKnownFileType = sourcecode.c.objc; path = CPElementInfo.m; sourceTree = "<group>"; };
		BA7E2F6C180C1F90005782D3 /* CPPropertyInfo.h */ = {isa = PBXFileReference; fileEncoding = 4; lastKnownFileType = sourcecode.c.h; path = CPPropertyInfo.h; sourceTree = "<group>"; };
		BA7E2F6D180C1F90005782D3 /* CPPropertyInfo.m */ = {isa = PBXFileReference; fileEncoding = 4; lastKnownFileType = sourcecode.c.objc; path = CPPropertyInfo.m; sourceTree = "<group>"; };
		BA7E2F6E180C1F90005782D3 /* CPXmlEntity.h */ = {isa = PBXFileReference; fileEncoding = 4; lastKnownFileType = sourcecode.c.h; path = CPXmlEntity.h; sourceTree = "<group>"; };
		BA7E2F6F180C1F90005782D3 /* CPXmlEntity.m */ = {isa = PBXFileReference; fileEncoding = 4; lastKnownFileType = sourcecode.c.objc; path = CPXmlEntity.m; sourceTree = "<group>"; };
		BADF8EED182775D800551BC6 /* CPPropertyCache.h */ = {isa = PBXFileReference; fileEncoding = 4; lastKnownFileType = sourcecode.c.h; path = CPPropertyCache.h; sourceTree = "<group>"; };
		BADF8EEE182775D800551BC6 /* CPPropertyCache.m */ = {isa = PBXFileReference; fileEncoding = 4; lastKnownFileType = sourcecode.c.objc; path = CPPropertyCache.m; sourceTree = "<group>"; };
/* End PBXFileReference section */

/* Begin PBXFrameworksBuildPhase section */
		BA7E2F54180C1F43005782D3 /* Frameworks */ = {
			isa = PBXFrameworksBuildPhase;
			buildActionMask = 2147483647;
			files = (
				BA7E2F5B180C1F43005782D3 /* Foundation.framework in Frameworks */,
			);
			runOnlyForDeploymentPostprocessing = 0;
		};
/* End PBXFrameworksBuildPhase section */

/* Begin PBXGroup section */
		BA7E2F4E180C1F43005782D3 = {
			isa = PBXGroup;
			children = (
				BA7E2F5C180C1F43005782D3 /* ChimeraXML */,
				BA7E2F59180C1F43005782D3 /* Frameworks */,
				BA7E2F58180C1F43005782D3 /* Products */,
			);
			sourceTree = "<group>";
		};
		BA7E2F58180C1F43005782D3 /* Products */ = {
			isa = PBXGroup;
			children = (
				BA7E2F57180C1F43005782D3 /* libChimeraXML.a */,
			);
			name = Products;
			sourceTree = "<group>";
		};
		BA7E2F59180C1F43005782D3 /* Frameworks */ = {
			isa = PBXGroup;
			children = (
				BA7E2F5A180C1F43005782D3 /* Foundation.framework */,
			);
			name = Frameworks;
			sourceTree = "<group>";
		};
		BA7E2F5C180C1F43005782D3 /* ChimeraXML */ = {
			isa = PBXGroup;
			children = (
				BA7E2F68180C1F90005782D3 /* ChimeraParser.h */,
				BA7E2F69180C1F90005782D3 /* ChimeraParser.m */,
				BA7E2F6A180C1F90005782D3 /* CPElementInfo.h */,
				BA7E2F6B180C1F90005782D3 /* CPElementInfo.m */,
				BA7E2F6C180C1F90005782D3 /* CPPropertyInfo.h */,
				BA7E2F6D180C1F90005782D3 /* CPPropertyInfo.m */,
				BA7E2F6E180C1F90005782D3 /* CPXmlEntity.h */,
				BA7E2F6F180C1F90005782D3 /* CPXmlEntity.m */,
				BADF8EED182775D800551BC6 /* CPPropertyCache.h */,
				BADF8EEE182775D800551BC6 /* CPPropertyCache.m */,
				BA7E2F5D180C1F43005782D3 /* Supporting Files */,
			);
			path = ChimeraXML;
			sourceTree = "<group>";
		};
		BA7E2F5D180C1F43005782D3 /* Supporting Files */ = {
			isa = PBXGroup;
			children = (
				BA7E2F5E180C1F43005782D3 /* ChimeraXML-Prefix.pch */,
			);
			name = "Supporting Files";
			sourceTree = "<group>";
		};
/* End PBXGroup section */

/* Begin PBXNativeTarget section */
		BA7E2F56180C1F43005782D3 /* ChimeraXML */ = {
			isa = PBXNativeTarget;
			buildConfigurationList = BA7E2F65180C1F43005782D3 /* Build configuration list for PBXNativeTarget "ChimeraXML" */;
			buildPhases = (
				BA7E2F53180C1F43005782D3 /* Sources */,
				BA7E2F54180C1F43005782D3 /* Frameworks */,
				BA7E2F55180C1F43005782D3 /* CopyFiles */,
			);
			buildRules = (
			);
			dependencies = (
			);
			name = ChimeraXML;
			productName = ChimeraXML;
			productReference = BA7E2F57180C1F43005782D3 /* libChimeraXML.a */;
			productType = "com.apple.product-type.library.static";
		};
/* End PBXNativeTarget section */

/* Begin PBXProject section */
		BA7E2F4F180C1F43005782D3 /* Project object */ = {
			isa = PBXProject;
			attributes = {
				LastUpgradeCheck = 0460;
				ORGANIZATIONNAME = mykonos2008;
			};
			buildConfigurationList = BA7E2F52180C1F43005782D3 /* Build configuration list for PBXProject "ChimeraXML" */;
			compatibilityVersion = "Xcode 3.2";
			developmentRegion = English;
			hasScannedForEncodings = 0;
			knownRegions = (
				en,
			);
			mainGroup = BA7E2F4E180C1F43005782D3;
			productRefGroup = BA7E2F58180C1F43005782D3 /* Products */;
			projectDirPath = "";
			projectRoot = "";
			targets = (
				BA7E2F56180C1F43005782D3 /* ChimeraXML */,
			);
		};
/* End PBXProject section */

/* Begin PBXSourcesBuildPhase section */
		BA7E2F53180C1F43005782D3 /* Sources */ = {
			isa = PBXSourcesBuildPhase;
			buildActionMask = 2147483647;
			files = (
				BA7E2F70180C1F90005782D3 /* ChimeraParser.m in Sources */,
				BA7E2F71180C1F90005782D3 /* CPElementInfo.m in Sources */,
				BADF8EEF182775D800551BC6 /* CPPropertyCache.m in Sources */,
				BA7E2F72180C1F90005782D3 /* CPPropertyInfo.m in Sources */,
				BA7E2F73180C1F90005782D3 /* CPXmlEntity.m in Sources */,
			);
			runOnlyForDeploymentPostprocessing = 0;
		};
/* End PBXSourcesBuildPhase section */

/* Begin XCBuildConfiguration section */
		BA7E2F63180C1F43005782D3 /* Debug */ = {
			isa = XCBuildConfiguration;
			buildSettings = {
				ALWAYS_SEARCH_USER_PATHS = NO;
				CLANG_CXX_LANGUAGE_STANDARD = "gnu++0x";
				CLANG_CXX_LIBRARY = "libc++";
				CLANG_ENABLE_OBJC_ARC = YES;
				CLANG_WARN_CONSTANT_CONVERSION = YES;
				CLANG_WARN_EMPTY_BODY = YES;
				CLANG_WARN_ENUM_CONVERSION = YES;
				CLANG_WARN_INT_CONVERSION = YES;
				CLANG_WARN__DUPLICATE_METHOD_MATCH = YES;
				COPY_PHASE_STRIP = NO;
				GCC_C_LANGUAGE_STANDARD = gnu99;
				GCC_DYNAMIC_NO_PIC = NO;
				GCC_OPTIMIZATION_LEVEL = 0;
				GCC_PREPROCESSOR_DEFINITIONS = (
					"DEBUG=1",
					"$(inherited)",
				);
				GCC_SYMBOLS_PRIVATE_EXTERN = NO;
				GCC_WARN_ABOUT_RETURN_TYPE = YES;
				GCC_WARN_UNINITIALIZED_AUTOS = YES;
				GCC_WARN_UNUSED_VARIABLE = YES;
				IPHONEOS_DEPLOYMENT_TARGET = 6.1;
				ONLY_ACTIVE_ARCH = YES;
				SDKROOT = iphoneos;
			};
			name = Debug;
		};
		BA7E2F64180C1F43005782D3 /* Release */ = {
			isa = XCBuildConfiguration;
			buildSettings = {
				ALWAYS_SEARCH_USER_PATHS = NO;
				CLANG_CXX_LANGUAGE_STANDARD = "gnu++0x";
				CLANG_CXX_LIBRARY = "libc++";
				CLANG_ENABLE_OBJC_ARC = YES;
				CLANG_WARN_CONSTANT_CONVERSION = YES;
				CLANG_WARN_EMPTY_BODY = YES;
				CLANG_WARN_ENUM_CONVERSION = YES;
				CLANG_WARN_INT_CONVERSION = YES;
				CLANG_WARN__DUPLICATE_METHOD_MATCH = YES;
				COPY_PHASE_STRIP = YES;
				GCC_C_LANGUAGE_STANDARD = gnu99;
				GCC_WARN_ABOUT_RETURN_TYPE = YES;
				GCC_WARN_UNINITIALIZED_AUTOS = YES;
				GCC_WARN_UNUSED_VARIABLE = YES;
				IPHONEOS_DEPLOYMENT_TARGET = 6.1;
				SDKROOT = iphoneos;
				VALIDATE_PRODUCT = YES;
			};
			name = Release;
		};
		BA7E2F66180C1F43005782D3 /* Debug */ = {
			isa = XCBuildConfiguration;
			buildSettings = {
				DSTROOT = /tmp/ChimeraXML.dst;
				GCC_PRECOMPILE_PREFIX_HEADER = YES;
				GCC_PREFIX_HEADER = "ChimeraXML/ChimeraXML-Prefix.pch";
				OTHER_LDFLAGS = "-ObjC";
				PRODUCT_NAME = "$(TARGET_NAME)";
				SKIP_INSTALL = YES;
			};
			name = Debug;
		};
		BA7E2F67180C1F43005782D3 /* Release */ = {
			isa = XCBuildConfiguration;
			buildSettings = {
				DSTROOT = /tmp/ChimeraXML.dst;
				GCC_PRECOMPILE_PREFIX_HEADER = YES;
				GCC_PREFIX_HEADER = "ChimeraXML/ChimeraXML-Prefix.pch";
				OTHER_LDFLAGS = "-ObjC";
				PRODUCT_NAME = "$(TARGET_NAME)";
				SKIP_INSTALL = YES;
			};
			name = Release;
		};
/* End XCBuildConfiguration section */

/* Begin XCConfigurationList section */
		BA7E2F52180C1F43005782D3 /* Build configuration list for PBXProject "ChimeraXML" */ = {
			isa = XCConfigurationList;
			buildConfigurations = (
				BA7E2F63180C1F43005782D3 /* Debug */,
				BA7E2F64180C1F43005782D3 /* Release */,
			);
			defaultConfigurationIsVisible = 0;
			defaultConfigurationName = Release;
		};
		BA7E2F65180C1F43005782D3 /* Build configuration list for PBXNativeTarget "ChimeraXML" */ = {
			isa = XCConfigurationList;
			buildConfigurations = (
				BA7E2F66180C1F43005782D3 /* Debug */,
				BA7E2F67180C1F43005782D3 /* Release */,
			);
			defaultConfigurationIsVisible = 0;
			defaultConfigurationName = Release;
		};
/* End XCConfigurationList section */
	};
	rootObject = BA7E2F4F180C1F43005782D3 /* Project object */;
}
